<?xml version="1.0" encoding="utf-8"?>
<Project ToolsVersion="4.0" xmlns="http://schemas.microsoft.com/developer/msbuild/2003">
  <ItemGroup>
    <Filter Include="源文件">
      <UniqueIdentifier>{4FC737F1-C7A5-4376-A066-2A32D752A2FF}</UniqueIdentifier>
      <Extensions>cpp;c;cc;cxx;def;odl;idl;hpj;bat;asm;asmx</Extensions>
    </Filter>
    <Filter Include="头文件">
      <UniqueIdentifier>{93995380-89BD-4b04-88EB-625FBE52EBFB}</UniqueIdentifier>
      <Extensions>h;hh;hpp;hxx;hm;inl;inc;ipp;xsd</Extensions>
    </Filter>
    <Filter Include="资源文件">
      <UniqueIdentifier>{67DA6AB6-F800-4c08-8B7A-83BB121AAD01}</UniqueIdentifier>
      <Extensions>rc;ico;cur;bmp;dlg;rc2;rct;bin;rgs;gif;jpg;jpeg;jpe;resx;tiff;tif;png;wav;mfcribbon-ms</Extensions>
    </Filter>
    <Filter Include="TimeStamp">
      <UniqueIdentifier>{01f2b3ec-d56b-4ce4-9dd8-55e4ac1826b3}</UniqueIdentifier>
    </Filter>
    <Filter Include="RealTimeInterval">
      <UniqueIdentifier>{7d2bb81d-f9e3-4527-a1c7-db8baa67b6cc}</UniqueIdentifier>
    </Filter>
    <Filter Include="RealTimeStamp">
      <UniqueIdentifier>{2a96b047-9d3d-44b5-9198-ecde695f747f}</UniqueIdentifier>
    </Filter>
  </ItemGroup>
  <ItemGroup>
    <ClCompile Include="itk-core-common-time.cpp">
      <Filter>源文件</Filter>
    </ClCompile>
    <ClCompile Include="TimeStamp.cpp">
      <Filter>TimeStamp</Filter>
    </ClCompile>
    <ClCompile Include="RealTimeInterval.cpp">
      <Filter>RealTimeInterval</Filter>
    </ClCompile>
    <ClCompile Include="RealTimeStamp.cpp">
      <Filter>RealTimeStamp</Filter>
    </ClCompile>
  </ItemGroup>
  <ItemGroup>
    <ClInclude Include="TimeStamp.h">
      <Filter>TimeStamp</Filter>
    </ClInclude>
    <ClInclude Include="RealTimeInterval.h">
      <Filter>RealTimeInterval</Filter>
    </ClInclude>
    <ClInclude Include="RealTimeStamp.h">
      <Filter>RealTimeStamp</Filter>
    </ClInclude>
  </ItemGroup>
</Project>