<?xml version="1.0" encoding="utf-8"?>
<Project ToolsVersion="4.0" xmlns="http://schemas.microsoft.com/developer/msbuild/2003">
  <ItemGroup>
    <Filter Include="源文件">
      <UniqueIdentifier>{4FC737F1-C7A5-4376-A066-2A32D752A2FF}</UniqueIdentifier>
      <Extensions>cpp;c;cc;cxx;def;odl;idl;hpj;bat;asm;asmx</Extensions>
    </Filter>
    <Filter Include="头文件">
      <UniqueIdentifier>{93995380-89BD-4b04-88EB-625FBE52EBFB}</UniqueIdentifier>
      <Extensions>h;hh;hpp;hxx;hm;inl;inc;ipp;xsd</Extensions>
    </Filter>
    <Filter Include="资源文件">
      <UniqueIdentifier>{67DA6AB6-F800-4c08-8B7A-83BB121AAD01}</UniqueIdentifier>
      <Extensions>rc;ico;cur;bmp;dlg;rc2;rct;bin;rgs;gif;jpg;jpeg;jpe;resx;tiff;tif;png;wav;mfcribbon-ms</Extensions>
    </Filter>
    <Filter Include="Memory">
      <UniqueIdentifier>{7783b20f-abb2-4f36-a69a-beab28d94d3e}</UniqueIdentifier>
    </Filter>
    <Filter Include="Directory">
      <UniqueIdentifier>{d9895a61-759e-4190-ad7a-66edeff1f5b4}</UniqueIdentifier>
    </Filter>
  </ItemGroup>
  <ItemGroup>
    <ClCompile Include="itk-core-common-operatingsystem.cpp">
      <Filter>源文件</Filter>
    </ClCompile>
    <ClCompile Include="MemoryUsageObserver.cpp">
      <Filter>Memory</Filter>
    </ClCompile>
    <ClCompile Include="Directory.cpp">
      <Filter>Directory</Filter>
    </ClCompile>
  </ItemGroup>
  <ItemGroup>
    <ClInclude Include="MemoryUsageObserver.h">
      <Filter>Memory</Filter>
    </ClInclude>
    <ClInclude Include="Directory.h">
      <Filter>Directory</Filter>
    </ClInclude>
  </ItemGroup>
</Project>