
Microsoft Visual Studio Solution File, Format Version 12.00
# Visual Studio 15
VisualStudioVersion = 15.0.28307.1000
MinimumVisualStudioVersion = 10.0.40219.1
Project("{8BC9CEB8-8B4A-11D0-8D11-00A0C91BC942}") = "Error", "Error\Error.vcxproj", "{C0F9688F-EAFD-4AED-AFC6-29DB26CB44F4}"
EndProject
Project("{2150E333-8FDC-42A3-9474-1A3956D46DE8}") = "Windows", "Windows", "{DF22A6BD-1472-4114-9CE0-AA63F36C33EA}"
EndProject
Project("{2150E333-8FDC-42A3-9474-1A3956D46DE8}") = "Qt", "Qt", "{EE87C0F5-59A7-40EC-A874-FA0F3F29D9A9}"
EndProject
Project("{2150E333-8FDC-42A3-9474-1A3956D46DE8}") = "Gui", "Gui", "{817A3347-5F6C-4815-B483-7A6EE3B79786}"
EndProject
Project("{8BC9CEB8-8B4A-11D0-8D11-00A0C91BC942}") = "Font", "Font\Font.vcxproj", "{10CEFC7F-C0E1-44E6-B6ED-597A05CDC6BA}"
EndProject
Project("{8BC9CEB8-8B4A-11D0-8D11-00A0C91BC942}") = "Cursor", "Cursor\Cursor.vcxproj", "{6A0D80A7-6067-4221-A0B0-13FDCC6C5586}"
EndProject
Project("{2150E333-8FDC-42A3-9474-1A3956D46DE8}") = "MFC", "MFC", "{C983D140-4612-46E6-8E2E-41CF46FAF3F7}"
EndProject
Project("{8BC9CEB8-8B4A-11D0-8D11-00A0C91BC942}") = "FontChange", "FontChange\FontChange.vcxproj", "{BC2DAE55-BC87-4ABD-BF8B-AEC650008D0A}"
EndProject
Project("{8BC9CEB8-8B4A-11D0-8D11-00A0C91BC942}") = "Pixmap", "Pixmap\Pixmap.vcxproj", "{0016D13D-5934-4001-858C-4957246CC559}"
EndProject
Project("{2150E333-8FDC-42A3-9474-1A3956D46DE8}") = "ITK", "ITK", "{AE527B84-8786-430C-8F60-9CE7ABB0C365}"
EndProject
Project("{2150E333-8FDC-42A3-9474-1A3956D46DE8}") = "OpenCV", "OpenCV", "{14EBDC08-343C-4CEF-BAF0-9CB0A99D7E08}"
EndProject
Project("{2150E333-8FDC-42A3-9474-1A3956D46DE8}") = "movie", "movie", "{6D67EE56-C77E-4086-A282-E8B5630698F6}"
EndProject
Project("{8BC9CEB8-8B4A-11D0-8D11-00A0C91BC942}") = "Movie", "Movie\Movie.vcxproj", "{84845657-D191-4604-9AE5-2590205180DC}"
EndProject
Project("{8BC9CEB8-8B4A-11D0-8D11-00A0C91BC942}") = "VersionAndBuildInfomation", "VersionAndBuildInfomation\VersionAndBuildInfomation.vcxproj", "{D9A29DE1-41D2-411A-8089-C196CFE65251}"
EndProject
Project("{8BC9CEB8-8B4A-11D0-8D11-00A0C91BC942}") = "Parent", "ObjectHandleInherit\ObjectHandleInherit.vcxproj", "{EEE08725-E53E-46DE-B6BA-B22A0FD8AF50}"
EndProject
Project("{8BC9CEB8-8B4A-11D0-8D11-00A0C91BC942}") = "Child", "Child\Child.vcxproj", "{1AF7D5ED-987B-40F8-8087-26C3D7286C98}"
EndProject
Project("{2150E333-8FDC-42A3-9474-1A3956D46DE8}") = "跨进程边界共享内核对象", "跨进程边界共享内核对象", "{C5DD16B3-5707-4210-A592-3E7E4C038ABA}"
EndProject
Project("{2150E333-8FDC-42A3-9474-1A3956D46DE8}") = "对象句柄继承", "对象句柄继承", "{26541B4E-27DD-4C2F-8C03-A9EE9B64C814}"
EndProject
Project("{2150E333-8FDC-42A3-9474-1A3956D46DE8}") = "第四章-进程", "第四章-进程", "{F41A75A2-054D-4908-89A2-19E5714F3BCC}"
EndProject
Project("{8BC9CEB8-8B4A-11D0-8D11-00A0C91BC942}") = "QtGuiGetModuleHandle", "QtGuiGetModuleHandle\QtGuiGetModuleHandle.vcxproj", "{D2BDD184-BE47-4782-992F-87574A41F022}"
EndProject
Project("{2150E333-8FDC-42A3-9474-1A3956D46DE8}") = "Core", "Core", "{5148D45F-EC37-4956-A699-BDC4A90181E6}"
EndProject
Project("{8BC9CEB8-8B4A-11D0-8D11-00A0C91BC942}") = "QtLog", "QtLog\QtLog.vcxproj", "{330E66AC-0A0D-4E64-9ABD-8B12637D9145}"
EndProject
Project("{2150E333-8FDC-42A3-9474-1A3956D46DE8}") = "log4cplus", "log4cplus", "{C562FBAD-E3F1-415C-99E4-5CDD985F2783}"
EndProject
Project("{8BC9CEB8-8B4A-11D0-8D11-00A0C91BC942}") = "log4cplus", "log4cplus\log4cplus.vcxproj", "{14EBDA23-AFB4-4556-81E8-B5EB130ADFDB}"
EndProject
Project("{8BC9CEB8-8B4A-11D0-8D11-00A0C91BC942}") = "LightObject", "LightObject\LightObject.vcxproj", "{44936FD3-5209-4ABF-9ABA-5AC3C97C301D}"
EndProject
Project("{8BC9CEB8-8B4A-11D0-8D11-00A0C91BC942}") = "BoundingBox", "BoundingBox\BoundingBox.vcxproj", "{A3CF05EA-DBCC-4A78-9B6A-494F6960522D}"
EndProject
Project("{2150E333-8FDC-42A3-9474-1A3956D46DE8}") = "Core", "Core", "{1D611E56-93A8-4F23-8D6B-565E2616E06E}"
EndProject
Project("{2150E333-8FDC-42A3-9474-1A3956D46DE8}") = "Common", "Common", "{A4552F5E-00A2-419E-833F-49106B873B6E}"
EndProject
Project("{2150E333-8FDC-42A3-9474-1A3956D46DE8}") = "Mesh", "Mesh", "{25C7CD1D-317F-446C-ACD5-BC55D6C91498}"
EndProject
Project("{8BC9CEB8-8B4A-11D0-8D11-00A0C91BC942}") = "itk-core-mesh", "itk-core-mesh\itk-core-mesh.vcxproj", "{1FB958A0-215F-4345-85D9-32F4DD5E08B5}"
EndProject
Project("{8BC9CEB8-8B4A-11D0-8D11-00A0C91BC942}") = "clipboard", "clipboard\clipboard.vcxproj", "{18AA0265-492E-45D2-9D25-8DFC8BF867B1}"
EndProject
Project("{2150E333-8FDC-42A3-9474-1A3956D46DE8}") = "Array", "Array", "{027F3ABF-0D13-4B7D-8EF8-DC3F71E99CA2}"
EndProject
Project("{8BC9CEB8-8B4A-11D0-8D11-00A0C91BC942}") = "itk-core-common-array", "itk-core-common-array\itk-core-common-array.vcxproj", "{FCA72E96-75EC-4071-A375-E0AE1BF5D31C}"
EndProject
Project("{8BC9CEB8-8B4A-11D0-8D11-00A0C91BC942}") = "itk-core-common-fixedarray", "itk-core-common-fixedarray\itk-core-common-fixedarray.vcxproj", "{29856BC9-042B-416D-AF66-B3C22301172B}"
EndProject
Project("{8BC9CEB8-8B4A-11D0-8D11-00A0C91BC942}") = "CommandLine-Qt", "CommandLine-Qt\CommandLine-Qt.vcxproj", "{A6E1DE16-3F1A-4BE6-B60A-422AA6E20190}"
EndProject
Global
	GlobalSection(SolutionConfigurationPlatforms) = preSolution
		Debug|x64 = Debug|x64
		Debug|x86 = Debug|x86
		Release|x64 = Release|x64
		Release|x86 = Release|x86
	EndGlobalSection
	GlobalSection(ProjectConfigurationPlatforms) = postSolution
		{C0F9688F-EAFD-4AED-AFC6-29DB26CB44F4}.Debug|x64.ActiveCfg = Debug|x64
		{C0F9688F-EAFD-4AED-AFC6-29DB26CB44F4}.Debug|x64.Build.0 = Debug|x64
		{C0F9688F-EAFD-4AED-AFC6-29DB26CB44F4}.Debug|x86.ActiveCfg = Debug|Win32
		{C0F9688F-EAFD-4AED-AFC6-29DB26CB44F4}.Debug|x86.Build.0 = Debug|Win32
		{C0F9688F-EAFD-4AED-AFC6-29DB26CB44F4}.Release|x64.ActiveCfg = Release|x64
		{C0F9688F-EAFD-4AED-AFC6-29DB26CB44F4}.Release|x64.Build.0 = Release|x64
		{C0F9688F-EAFD-4AED-AFC6-29DB26CB44F4}.Release|x86.ActiveCfg = Release|Win32
		{C0F9688F-EAFD-4AED-AFC6-29DB26CB44F4}.Release|x86.Build.0 = Release|Win32
		{10CEFC7F-C0E1-44E6-B6ED-597A05CDC6BA}.Debug|x64.ActiveCfg = Debug|x64
		{10CEFC7F-C0E1-44E6-B6ED-597A05CDC6BA}.Debug|x64.Build.0 = Debug|x64
		{10CEFC7F-C0E1-44E6-B6ED-597A05CDC6BA}.Debug|x86.ActiveCfg = Debug|x64
		{10CEFC7F-C0E1-44E6-B6ED-597A05CDC6BA}.Release|x64.ActiveCfg = Release|x64
		{10CEFC7F-C0E1-44E6-B6ED-597A05CDC6BA}.Release|x64.Build.0 = Release|x64
		{10CEFC7F-C0E1-44E6-B6ED-597A05CDC6BA}.Release|x86.ActiveCfg = Release|x64
		{6A0D80A7-6067-4221-A0B0-13FDCC6C5586}.Debug|x64.ActiveCfg = Debug|x64
		{6A0D80A7-6067-4221-A0B0-13FDCC6C5586}.Debug|x64.Build.0 = Debug|x64
		{6A0D80A7-6067-4221-A0B0-13FDCC6C5586}.Debug|x86.ActiveCfg = Debug|x64
		{6A0D80A7-6067-4221-A0B0-13FDCC6C5586}.Release|x64.ActiveCfg = Release|x64
		{6A0D80A7-6067-4221-A0B0-13FDCC6C5586}.Release|x64.Build.0 = Release|x64
		{6A0D80A7-6067-4221-A0B0-13FDCC6C5586}.Release|x86.ActiveCfg = Release|x64
		{BC2DAE55-BC87-4ABD-BF8B-AEC650008D0A}.Debug|x64.ActiveCfg = Debug|x64
		{BC2DAE55-BC87-4ABD-BF8B-AEC650008D0A}.Debug|x64.Build.0 = Debug|x64
		{BC2DAE55-BC87-4ABD-BF8B-AEC650008D0A}.Debug|x86.ActiveCfg = Debug|Win32
		{BC2DAE55-BC87-4ABD-BF8B-AEC650008D0A}.Debug|x86.Build.0 = Debug|Win32
		{BC2DAE55-BC87-4ABD-BF8B-AEC650008D0A}.Release|x64.ActiveCfg = Release|x64
		{BC2DAE55-BC87-4ABD-BF8B-AEC650008D0A}.Release|x64.Build.0 = Release|x64
		{BC2DAE55-BC87-4ABD-BF8B-AEC650008D0A}.Release|x86.ActiveCfg = Release|Win32
		{BC2DAE55-BC87-4ABD-BF8B-AEC650008D0A}.Release|x86.Build.0 = Release|Win32
		{0016D13D-5934-4001-858C-4957246CC559}.Debug|x64.ActiveCfg = Debug|x64
		{0016D13D-5934-4001-858C-4957246CC559}.Debug|x64.Build.0 = Debug|x64
		{0016D13D-5934-4001-858C-4957246CC559}.Debug|x86.ActiveCfg = Debug|x64
		{0016D13D-5934-4001-858C-4957246CC559}.Release|x64.ActiveCfg = Release|x64
		{0016D13D-5934-4001-858C-4957246CC559}.Release|x64.Build.0 = Release|x64
		{0016D13D-5934-4001-858C-4957246CC559}.Release|x86.ActiveCfg = Release|x64
		{84845657-D191-4604-9AE5-2590205180DC}.Debug|x64.ActiveCfg = Debug|x64
		{84845657-D191-4604-9AE5-2590205180DC}.Debug|x64.Build.0 = Debug|x64
		{84845657-D191-4604-9AE5-2590205180DC}.Debug|x86.ActiveCfg = Debug|x64
		{84845657-D191-4604-9AE5-2590205180DC}.Release|x64.ActiveCfg = Release|x64
		{84845657-D191-4604-9AE5-2590205180DC}.Release|x64.Build.0 = Release|x64
		{84845657-D191-4604-9AE5-2590205180DC}.Release|x86.ActiveCfg = Release|x64
		{D9A29DE1-41D2-411A-8089-C196CFE65251}.Debug|x64.ActiveCfg = Debug|x64
		{D9A29DE1-41D2-411A-8089-C196CFE65251}.Debug|x64.Build.0 = Debug|x64
		{D9A29DE1-41D2-411A-8089-C196CFE65251}.Debug|x86.ActiveCfg = Debug|Win32
		{D9A29DE1-41D2-411A-8089-C196CFE65251}.Debug|x86.Build.0 = Debug|Win32
		{D9A29DE1-41D2-411A-8089-C196CFE65251}.Release|x64.ActiveCfg = Release|x64
		{D9A29DE1-41D2-411A-8089-C196CFE65251}.Release|x64.Build.0 = Release|x64
		{D9A29DE1-41D2-411A-8089-C196CFE65251}.Release|x86.ActiveCfg = Release|Win32
		{D9A29DE1-41D2-411A-8089-C196CFE65251}.Release|x86.Build.0 = Release|Win32
		{EEE08725-E53E-46DE-B6BA-B22A0FD8AF50}.Debug|x64.ActiveCfg = Debug|x64
		{EEE08725-E53E-46DE-B6BA-B22A0FD8AF50}.Debug|x64.Build.0 = Debug|x64
		{EEE08725-E53E-46DE-B6BA-B22A0FD8AF50}.Debug|x86.ActiveCfg = Debug|x64
		{EEE08725-E53E-46DE-B6BA-B22A0FD8AF50}.Release|x64.ActiveCfg = Release|x64
		{EEE08725-E53E-46DE-B6BA-B22A0FD8AF50}.Release|x64.Build.0 = Release|x64
		{EEE08725-E53E-46DE-B6BA-B22A0FD8AF50}.Release|x86.ActiveCfg = Release|x64
		{1AF7D5ED-987B-40F8-8087-26C3D7286C98}.Debug|x64.ActiveCfg = Debug|x64
		{1AF7D5ED-987B-40F8-8087-26C3D7286C98}.Debug|x64.Build.0 = Debug|x64
		{1AF7D5ED-987B-40F8-8087-26C3D7286C98}.Debug|x86.ActiveCfg = Debug|x64
		{1AF7D5ED-987B-40F8-8087-26C3D7286C98}.Release|x64.ActiveCfg = Release|x64
		{1AF7D5ED-987B-40F8-8087-26C3D7286C98}.Release|x64.Build.0 = Release|x64
		{1AF7D5ED-987B-40F8-8087-26C3D7286C98}.Release|x86.ActiveCfg = Release|x64
		{D2BDD184-BE47-4782-992F-87574A41F022}.Debug|x64.ActiveCfg = Debug|x64
		{D2BDD184-BE47-4782-992F-87574A41F022}.Debug|x64.Build.0 = Debug|x64
		{D2BDD184-BE47-4782-992F-87574A41F022}.Debug|x86.ActiveCfg = Debug|x64
		{D2BDD184-BE47-4782-992F-87574A41F022}.Release|x64.ActiveCfg = Release|x64
		{D2BDD184-BE47-4782-992F-87574A41F022}.Release|x64.Build.0 = Release|x64
		{D2BDD184-BE47-4782-992F-87574A41F022}.Release|x86.ActiveCfg = Release|x64
		{330E66AC-0A0D-4E64-9ABD-8B12637D9145}.Debug|x64.ActiveCfg = Debug|x64
		{330E66AC-0A0D-4E64-9ABD-8B12637D9145}.Debug|x64.Build.0 = Debug|x64
		{330E66AC-0A0D-4E64-9ABD-8B12637D9145}.Debug|x86.ActiveCfg = Debug|x64
		{330E66AC-0A0D-4E64-9ABD-8B12637D9145}.Release|x64.ActiveCfg = Release|x64
		{330E66AC-0A0D-4E64-9ABD-8B12637D9145}.Release|x64.Build.0 = Release|x64
		{330E66AC-0A0D-4E64-9ABD-8B12637D9145}.Release|x86.ActiveCfg = Release|x64
		{14EBDA23-AFB4-4556-81E8-B5EB130ADFDB}.Debug|x64.ActiveCfg = Debug|x64
		{14EBDA23-AFB4-4556-81E8-B5EB130ADFDB}.Debug|x64.Build.0 = Debug|x64
		{14EBDA23-AFB4-4556-81E8-B5EB130ADFDB}.Debug|x86.ActiveCfg = Debug|x64
		{14EBDA23-AFB4-4556-81E8-B5EB130ADFDB}.Release|x64.ActiveCfg = Release|x64
		{14EBDA23-AFB4-4556-81E8-B5EB130ADFDB}.Release|x64.Build.0 = Release|x64
		{14EBDA23-AFB4-4556-81E8-B5EB130ADFDB}.Release|x86.ActiveCfg = Release|x64
		{44936FD3-5209-4ABF-9ABA-5AC3C97C301D}.Debug|x64.ActiveCfg = Debug|x64
		{44936FD3-5209-4ABF-9ABA-5AC3C97C301D}.Debug|x64.Build.0 = Debug|x64
		{44936FD3-5209-4ABF-9ABA-5AC3C97C301D}.Debug|x86.ActiveCfg = Debug|x64
		{44936FD3-5209-4ABF-9ABA-5AC3C97C301D}.Release|x64.ActiveCfg = Release|x64
		{44936FD3-5209-4ABF-9ABA-5AC3C97C301D}.Release|x64.Build.0 = Release|x64
		{44936FD3-5209-4ABF-9ABA-5AC3C97C301D}.Release|x86.ActiveCfg = Release|x64
		{A3CF05EA-DBCC-4A78-9B6A-494F6960522D}.Debug|x64.ActiveCfg = Debug|x64
		{A3CF05EA-DBCC-4A78-9B6A-494F6960522D}.Debug|x64.Build.0 = Debug|x64
		{A3CF05EA-DBCC-4A78-9B6A-494F6960522D}.Debug|x86.ActiveCfg = Debug|x64
		{A3CF05EA-DBCC-4A78-9B6A-494F6960522D}.Release|x64.ActiveCfg = Release|x64
		{A3CF05EA-DBCC-4A78-9B6A-494F6960522D}.Release|x64.Build.0 = Release|x64
		{A3CF05EA-DBCC-4A78-9B6A-494F6960522D}.Release|x86.ActiveCfg = Release|x64
		{1FB958A0-215F-4345-85D9-32F4DD5E08B5}.Debug|x64.ActiveCfg = Debug|x64
		{1FB958A0-215F-4345-85D9-32F4DD5E08B5}.Debug|x64.Build.0 = Debug|x64
		{1FB958A0-215F-4345-85D9-32F4DD5E08B5}.Debug|x86.ActiveCfg = Debug|x64
		{1FB958A0-215F-4345-85D9-32F4DD5E08B5}.Release|x64.ActiveCfg = Release|x64
		{1FB958A0-215F-4345-85D9-32F4DD5E08B5}.Release|x64.Build.0 = Release|x64
		{1FB958A0-215F-4345-85D9-32F4DD5E08B5}.Release|x86.ActiveCfg = Release|x64
		{18AA0265-492E-45D2-9D25-8DFC8BF867B1}.Debug|x64.ActiveCfg = Debug|x64
		{18AA0265-492E-45D2-9D25-8DFC8BF867B1}.Debug|x64.Build.0 = Debug|x64
		{18AA0265-492E-45D2-9D25-8DFC8BF867B1}.Debug|x86.ActiveCfg = Debug|x64
		{18AA0265-492E-45D2-9D25-8DFC8BF867B1}.Release|x64.ActiveCfg = Release|x64
		{18AA0265-492E-45D2-9D25-8DFC8BF867B1}.Release|x64.Build.0 = Release|x64
		{18AA0265-492E-45D2-9D25-8DFC8BF867B1}.Release|x86.ActiveCfg = Release|x64
		{FCA72E96-75EC-4071-A375-E0AE1BF5D31C}.Debug|x64.ActiveCfg = Debug|x64
		{FCA72E96-75EC-4071-A375-E0AE1BF5D31C}.Debug|x64.Build.0 = Debug|x64
		{FCA72E96-75EC-4071-A375-E0AE1BF5D31C}.Debug|x86.ActiveCfg = Debug|Win32
		{FCA72E96-75EC-4071-A375-E0AE1BF5D31C}.Debug|x86.Build.0 = Debug|Win32
		{FCA72E96-75EC-4071-A375-E0AE1BF5D31C}.Release|x64.ActiveCfg = Release|x64
		{FCA72E96-75EC-4071-A375-E0AE1BF5D31C}.Release|x64.Build.0 = Release|x64
		{FCA72E96-75EC-4071-A375-E0AE1BF5D31C}.Release|x86.ActiveCfg = Release|Win32
		{FCA72E96-75EC-4071-A375-E0AE1BF5D31C}.Release|x86.Build.0 = Release|Win32
		{29856BC9-042B-416D-AF66-B3C22301172B}.Debug|x64.ActiveCfg = Debug|x64
		{29856BC9-042B-416D-AF66-B3C22301172B}.Debug|x64.Build.0 = Debug|x64
		{29856BC9-042B-416D-AF66-B3C22301172B}.Debug|x86.ActiveCfg = Debug|Win32
		{29856BC9-042B-416D-AF66-B3C22301172B}.Debug|x86.Build.0 = Debug|Win32
		{29856BC9-042B-416D-AF66-B3C22301172B}.Release|x64.ActiveCfg = Release|x64
		{29856BC9-042B-416D-AF66-B3C22301172B}.Release|x64.Build.0 = Release|x64
		{29856BC9-042B-416D-AF66-B3C22301172B}.Release|x86.ActiveCfg = Release|Win32
		{29856BC9-042B-416D-AF66-B3C22301172B}.Release|x86.Build.0 = Release|Win32
		{A6E1DE16-3F1A-4BE6-B60A-422AA6E20190}.Debug|x64.ActiveCfg = Debug|x64
		{A6E1DE16-3F1A-4BE6-B60A-422AA6E20190}.Debug|x64.Build.0 = Debug|x64
		{A6E1DE16-3F1A-4BE6-B60A-422AA6E20190}.Debug|x86.ActiveCfg = Debug|x64
		{A6E1DE16-3F1A-4BE6-B60A-422AA6E20190}.Release|x64.ActiveCfg = Release|x64
		{A6E1DE16-3F1A-4BE6-B60A-422AA6E20190}.Release|x64.Build.0 = Release|x64
		{A6E1DE16-3F1A-4BE6-B60A-422AA6E20190}.Release|x86.ActiveCfg = Release|x64
	EndGlobalSection
	GlobalSection(SolutionProperties) = preSolution
		HideSolutionNode = FALSE
	EndGlobalSection
	GlobalSection(NestedProjects) = preSolution
		{C0F9688F-EAFD-4AED-AFC6-29DB26CB44F4} = {DF22A6BD-1472-4114-9CE0-AA63F36C33EA}
		{817A3347-5F6C-4815-B483-7A6EE3B79786} = {EE87C0F5-59A7-40EC-A874-FA0F3F29D9A9}
		{10CEFC7F-C0E1-44E6-B6ED-597A05CDC6BA} = {817A3347-5F6C-4815-B483-7A6EE3B79786}
		{6A0D80A7-6067-4221-A0B0-13FDCC6C5586} = {817A3347-5F6C-4815-B483-7A6EE3B79786}
		{BC2DAE55-BC87-4ABD-BF8B-AEC650008D0A} = {C983D140-4612-46E6-8E2E-41CF46FAF3F7}
		{0016D13D-5934-4001-858C-4957246CC559} = {817A3347-5F6C-4815-B483-7A6EE3B79786}
		{6D67EE56-C77E-4086-A282-E8B5630698F6} = {817A3347-5F6C-4815-B483-7A6EE3B79786}
		{84845657-D191-4604-9AE5-2590205180DC} = {6D67EE56-C77E-4086-A282-E8B5630698F6}
		{D9A29DE1-41D2-411A-8089-C196CFE65251} = {A4552F5E-00A2-419E-833F-49106B873B6E}
		{EEE08725-E53E-46DE-B6BA-B22A0FD8AF50} = {26541B4E-27DD-4C2F-8C03-A9EE9B64C814}
		{1AF7D5ED-987B-40F8-8087-26C3D7286C98} = {26541B4E-27DD-4C2F-8C03-A9EE9B64C814}
		{C5DD16B3-5707-4210-A592-3E7E4C038ABA} = {DF22A6BD-1472-4114-9CE0-AA63F36C33EA}
		{26541B4E-27DD-4C2F-8C03-A9EE9B64C814} = {C5DD16B3-5707-4210-A592-3E7E4C038ABA}
		{F41A75A2-054D-4908-89A2-19E5714F3BCC} = {DF22A6BD-1472-4114-9CE0-AA63F36C33EA}
		{D2BDD184-BE47-4782-992F-87574A41F022} = {F41A75A2-054D-4908-89A2-19E5714F3BCC}
		{5148D45F-EC37-4956-A699-BDC4A90181E6} = {EE87C0F5-59A7-40EC-A874-FA0F3F29D9A9}
		{330E66AC-0A0D-4E64-9ABD-8B12637D9145} = {5148D45F-EC37-4956-A699-BDC4A90181E6}
		{14EBDA23-AFB4-4556-81E8-B5EB130ADFDB} = {C562FBAD-E3F1-415C-99E4-5CDD985F2783}
		{44936FD3-5209-4ABF-9ABA-5AC3C97C301D} = {A4552F5E-00A2-419E-833F-49106B873B6E}
		{A3CF05EA-DBCC-4A78-9B6A-494F6960522D} = {A4552F5E-00A2-419E-833F-49106B873B6E}
		{1D611E56-93A8-4F23-8D6B-565E2616E06E} = {AE527B84-8786-430C-8F60-9CE7ABB0C365}
		{A4552F5E-00A2-419E-833F-49106B873B6E} = {1D611E56-93A8-4F23-8D6B-565E2616E06E}
		{25C7CD1D-317F-446C-ACD5-BC55D6C91498} = {1D611E56-93A8-4F23-8D6B-565E2616E06E}
		{1FB958A0-215F-4345-85D9-32F4DD5E08B5} = {25C7CD1D-317F-446C-ACD5-BC55D6C91498}
		{18AA0265-492E-45D2-9D25-8DFC8BF867B1} = {817A3347-5F6C-4815-B483-7A6EE3B79786}
		{027F3ABF-0D13-4B7D-8EF8-DC3F71E99CA2} = {A4552F5E-00A2-419E-833F-49106B873B6E}
		{FCA72E96-75EC-4071-A375-E0AE1BF5D31C} = {027F3ABF-0D13-4B7D-8EF8-DC3F71E99CA2}
		{29856BC9-042B-416D-AF66-B3C22301172B} = {027F3ABF-0D13-4B7D-8EF8-DC3F71E99CA2}
		{A6E1DE16-3F1A-4BE6-B60A-422AA6E20190} = {F41A75A2-054D-4908-89A2-19E5714F3BCC}
	EndGlobalSection
	GlobalSection(ExtensibilityGlobals) = postSolution
		Qt5Version = $(DefaultQtVersion)
		SolutionGuid = {CA1A7854-ADDF-445F-A133-BF0BC4B2DCFC}
	EndGlobalSection
EndGlobal
