<?xml version="1.0" encoding="utf-8"?>
<Project ToolsVersion="4.0" xmlns="http://schemas.microsoft.com/developer/msbuild/2003">
  <ItemGroup>
    <Filter Include="源文件">
      <UniqueIdentifier>{4FC737F1-C7A5-4376-A066-2A32D752A2FF}</UniqueIdentifier>
      <Extensions>cpp;c;cc;cxx;def;odl;idl;hpj;bat;asm;asmx</Extensions>
    </Filter>
    <Filter Include="头文件">
      <UniqueIdentifier>{93995380-89BD-4b04-88EB-625FBE52EBFB}</UniqueIdentifier>
      <Extensions>h;hh;hpp;hxx;hm;inl;inc;ipp;xsd</Extensions>
    </Filter>
    <Filter Include="资源文件">
      <UniqueIdentifier>{67DA6AB6-F800-4c08-8B7A-83BB121AAD01}</UniqueIdentifier>
      <Extensions>rc;ico;cur;bmp;dlg;rc2;rct;bin;rgs;gif;jpg;jpeg;jpe;resx;tiff;tif;png;wav;mfcribbon-ms</Extensions>
    </Filter>
    <Filter Include="图像相关概念">
      <UniqueIdentifier>{bbbff4ef-767e-4cb4-b7a0-4f00fc6e54bd}</UniqueIdentifier>
    </Filter>
    <Filter Include="迭代器">
      <UniqueIdentifier>{20e4590e-0008-4e65-8715-b6735dd051c3}</UniqueIdentifier>
    </Filter>
    <Filter Include="迭代器\区域迭代器">
      <UniqueIdentifier>{50639274-45b3-47d4-beff-cd1450128007}</UniqueIdentifier>
    </Filter>
    <Filter Include="迭代器\随机迭代器">
      <UniqueIdentifier>{5d08279a-f418-4680-a599-a28b2dc0bee6}</UniqueIdentifier>
    </Filter>
    <Filter Include="迭代器\切片迭代器">
      <UniqueIdentifier>{3b7bfcd8-9805-4140-87ea-ada153d1f9ac}</UniqueIdentifier>
    </Filter>
    <Filter Include="迭代器\线迭代器">
      <UniqueIdentifier>{1892e452-bd51-4295-a7c2-6093d3c97b1e}</UniqueIdentifier>
    </Filter>
    <Filter Include="图像">
      <UniqueIdentifier>{cc89560e-e56b-4ff3-a224-b7851d3a373c}</UniqueIdentifier>
    </Filter>
    <Filter Include="图像操作">
      <UniqueIdentifier>{eaf2191b-2024-417b-bc3a-95cb529b9238}</UniqueIdentifier>
    </Filter>
  </ItemGroup>
  <ItemGroup>
    <ClCompile Include="itk-core-common-image.cpp">
      <Filter>源文件</Filter>
    </ClCompile>
    <ClCompile Include="ImageBase.cpp">
      <Filter>图像</Filter>
    </ClCompile>
    <ClCompile Include="ImageRegion.cpp">
      <Filter>图像相关概念</Filter>
    </ClCompile>
    <ClCompile Include="ImageRegionIterator.cpp">
      <Filter>迭代器\区域迭代器</Filter>
    </ClCompile>
    <ClCompile Include="ImageRandomIterator.cpp">
      <Filter>迭代器\随机迭代器</Filter>
    </ClCompile>
    <ClCompile Include="ImageSliceIterator.cpp">
      <Filter>迭代器\切片迭代器</Filter>
    </ClCompile>
    <ClCompile Include="ImageScanlineIterator.cpp">
      <Filter>迭代器\线迭代器</Filter>
    </ClCompile>
    <ClCompile Include="ImageOperate.cpp">
      <Filter>图像操作</Filter>
    </ClCompile>
    <ClCompile Include="ImageIndex.cpp">
      <Filter>图像相关概念</Filter>
    </ClCompile>
  </ItemGroup>
  <ItemGroup>
    <ClInclude Include="ImageBase.h">
      <Filter>图像</Filter>
    </ClInclude>
    <ClInclude Include="ImageRegion.h">
      <Filter>图像相关概念</Filter>
    </ClInclude>
    <ClInclude Include="ImageRegionIterator.h">
      <Filter>迭代器\区域迭代器</Filter>
    </ClInclude>
    <ClInclude Include="ImageRandomIterator.h">
      <Filter>迭代器\随机迭代器</Filter>
    </ClInclude>
    <ClInclude Include="ImageSliceIterator.h">
      <Filter>迭代器\切片迭代器</Filter>
    </ClInclude>
    <ClInclude Include="ImageScanlineIterator.h">
      <Filter>迭代器\线迭代器</Filter>
    </ClInclude>
    <ClInclude Include="ImageOperate.h">
      <Filter>图像操作</Filter>
    </ClInclude>
    <ClInclude Include="ImageIndex.h">
      <Filter>图像相关概念</Filter>
    </ClInclude>
  </ItemGroup>
</Project>