<?xml version="1.0" encoding="utf-8"?>
<Project ToolsVersion="4.0" xmlns="http://schemas.microsoft.com/developer/msbuild/2003">
  <ItemGroup>
    <Filter Include="源文件">
      <UniqueIdentifier>{4FC737F1-C7A5-4376-A066-2A32D752A2FF}</UniqueIdentifier>
      <Extensions>cpp;c;cc;cxx;def;odl;idl;hpj;bat;asm;asmx</Extensions>
    </Filter>
    <Filter Include="资源文件">
      <UniqueIdentifier>{67DA6AB6-F800-4c08-8B7A-83BB121AAD01}</UniqueIdentifier>
      <Extensions>rc;ico;cur;bmp;dlg;rc2;rct;bin;rgs;gif;jpg;jpeg;jpe;resx;tiff;tif;png;wav;mfcribbon-ms</Extensions>
    </Filter>
    <Filter Include="Array">
      <UniqueIdentifier>{4d08e790-21f3-4d0c-a955-5f0e64ddaf5e}</UniqueIdentifier>
    </Filter>
    <Filter Include="OptimizerParameters">
      <UniqueIdentifier>{3effeb7d-7cf8-4fc3-bbd3-0f41aa2a06c2}</UniqueIdentifier>
    </Filter>
    <Filter Include="ValarrayImageContainer">
      <UniqueIdentifier>{4c21d660-9d0d-4a67-a1c6-3e3b8bf8e078}</UniqueIdentifier>
    </Filter>
    <Filter Include="Array2D">
      <UniqueIdentifier>{3106f75b-463f-4b46-bac3-ddf517931be6}</UniqueIdentifier>
    </Filter>
    <Filter Include="VariableLengthVector">
      <UniqueIdentifier>{5531408e-5625-4829-825d-d801fb69eed6}</UniqueIdentifier>
    </Filter>
  </ItemGroup>
  <ItemGroup>
    <ClCompile Include="itk-core-common-array.cpp">
      <Filter>源文件</Filter>
    </ClCompile>
    <ClCompile Include="Array.cpp">
      <Filter>Array</Filter>
    </ClCompile>
    <ClCompile Include="OptimizerParameters.cpp">
      <Filter>OptimizerParameters</Filter>
    </ClCompile>
    <ClCompile Include="ValarrayImageContainer.cpp">
      <Filter>ValarrayImageContainer</Filter>
    </ClCompile>
    <ClCompile Include="Array2D.cpp">
      <Filter>Array2D</Filter>
    </ClCompile>
    <ClCompile Include="VariableLengthVector.cpp">
      <Filter>VariableLengthVector</Filter>
    </ClCompile>
  </ItemGroup>
  <ItemGroup>
    <ClInclude Include="Array.h">
      <Filter>Array</Filter>
    </ClInclude>
    <ClInclude Include="OptimizerParameters.h">
      <Filter>OptimizerParameters</Filter>
    </ClInclude>
    <ClInclude Include="ValarrayImageContainer.h">
      <Filter>ValarrayImageContainer</Filter>
    </ClInclude>
    <ClInclude Include="Array2D.h">
      <Filter>Array2D</Filter>
    </ClInclude>
    <ClInclude Include="VariableLengthVector.h">
      <Filter>VariableLengthVector</Filter>
    </ClInclude>
  </ItemGroup>
</Project>